
Microsoft Visual Studio Solution File, Format Version 12.00
# Visual Studio Version 17
VisualStudioVersion = 17.1.32328.378
MinimumVisualStudioVersion = 10.0.40219.1
Project("{9A19103F-16F7-4668-BE54-9A1E7A4F7556}") = "Kanadeiar.Api", "Kanadeiar.Api\Kanadeiar.Api.csproj", "{6207BE10-C3E1-4E5F-A162-2C0F57AA15C0}"
EndProject
Project("{2150E333-8FDC-42A3-9474-1A3956D46DE8}") = "Tests", "Tests", "{B38FC5F0-23B4-4338-B83E-1149E6E09E8F}"
EndProject
Project("{2150E333-8FDC-42A3-9474-1A3956D46DE8}") = "Solution Items", "Solution Items", "{04CB94C1-437D-4069-9828-E1ED4026C5E9}"
	ProjectSection(SolutionItems) = preProject
		README.md = README.md
	EndProjectSection
EndProject
Project("{9A19103F-16F7-4668-BE54-9A1E7A4F7556}") = "Kanadeiar.Api.Tests", "Tests\Kanadeiar.Api.Tests\Kanadeiar.Api.Tests.csproj", "{13DD7A16-9F0C-479E-9595-ACE38D2CCA93}"
EndProject
Project("{2150E333-8FDC-42A3-9474-1A3956D46DE8}") = "Samples", "Samples", "{1A14D716-75D9-45B3-B534-5662E0422AC3}"
EndProject
Project("{2150E333-8FDC-42A3-9474-1A3956D46DE8}") = "REST", "REST", "{36DB2DA4-071D-4EFB-8B41-F6C64963561C}"
EndProject
Project("{2150E333-8FDC-42A3-9474-1A3956D46DE8}") = "gRPC", "gRPC", "{ACAC0C70-65F6-43B9-B504-AAA39945EAAE}"
EndProject
Project("{9A19103F-16F7-4668-BE54-9A1E7A4F7556}") = "RestService1", "Samples\REST\RestService1\RestService1.csproj", "{350720FB-DE38-41A1-81CA-B066DCF04D95}"
EndProject
Project("{9A19103F-16F7-4668-BE54-9A1E7A4F7556}") = "RestClient1", "Samples\REST\RestClient1\RestClient1.csproj", "{B2D8AD7C-EB0A-4097-87DC-4ED0D6FF073B}"
EndProject
Project("{9A19103F-16F7-4668-BE54-9A1E7A4F7556}") = "GrpcService1", "Samples\gRPC\GrpcService1\GrpcService1.csproj", "{F47A07C7-8A00-4161-87EB-4555A63D4119}"
EndProject
Project("{9A19103F-16F7-4668-BE54-9A1E7A4F7556}") = "GrpcClient1", "Samples\gRPC\GrpcClient1\GrpcClient1.csproj", "{41AC6A06-7E22-48FF-BD0D-3E00437A3372}"
EndProject
Project("{2150E333-8FDC-42A3-9474-1A3956D46DE8}") = "PG", "PG", "{3FCC0E78-3B1B-4C27-9994-9AC17D396FA7}"
EndProject
Project("{9A19103F-16F7-4668-BE54-9A1E7A4F7556}") = "WebApiTest1", "PG\WebApiTest1\WebApiTest1.csproj", "{19AFE07E-5970-464D-88B3-6B9F3E7CF552}"
EndProject
Project("{9A19103F-16F7-4668-BE54-9A1E7A4F7556}") = "ConsoleAppTester1", "PG\ConsoleAppTester1\ConsoleAppTester1.csproj", "{F9BE288D-8BF1-4FC3-9B2C-4C4153353920}"
EndProject
Project("{9A19103F-16F7-4668-BE54-9A1E7A4F7556}") = "ConsoleAppTesterGrpc1", "PG\ConsoleAppTesterGrpc1\ConsoleAppTesterGrpc1.csproj", "{B62680DB-4392-430E-909B-730B9D25E451}"
EndProject
Global
	GlobalSection(SolutionConfigurationPlatforms) = preSolution
		Debug|Any CPU = Debug|Any CPU
		Debug|x86 = Debug|x86
		Release|Any CPU = Release|Any CPU
		Release|x86 = Release|x86
	EndGlobalSection
	GlobalSection(ProjectConfigurationPlatforms) = postSolution
		{6207BE10-C3E1-4E5F-A162-2C0F57AA15C0}.Debug|Any CPU.ActiveCfg = Debug|Any CPU
		{6207BE10-C3E1-4E5F-A162-2C0F57AA15C0}.Debug|Any CPU.Build.0 = Debug|Any CPU
		{6207BE10-C3E1-4E5F-A162-2C0F57AA15C0}.Debug|x86.ActiveCfg = Debug|Any CPU
		{6207BE10-C3E1-4E5F-A162-2C0F57AA15C0}.Debug|x86.Build.0 = Debug|Any CPU
		{6207BE10-C3E1-4E5F-A162-2C0F57AA15C0}.Release|Any CPU.ActiveCfg = Release|Any CPU
		{6207BE10-C3E1-4E5F-A162-2C0F57AA15C0}.Release|Any CPU.Build.0 = Release|Any CPU
		{6207BE10-C3E1-4E5F-A162-2C0F57AA15C0}.Release|x86.ActiveCfg = Release|Any CPU
		{6207BE10-C3E1-4E5F-A162-2C0F57AA15C0}.Release|x86.Build.0 = Release|Any CPU
		{13DD7A16-9F0C-479E-9595-ACE38D2CCA93}.Debug|Any CPU.ActiveCfg = Debug|Any CPU
		{13DD7A16-9F0C-479E-9595-ACE38D2CCA93}.Debug|Any CPU.Build.0 = Debug|Any CPU
		{13DD7A16-9F0C-479E-9595-ACE38D2CCA93}.Debug|x86.ActiveCfg = Debug|Any CPU
		{13DD7A16-9F0C-479E-9595-ACE38D2CCA93}.Debug|x86.Build.0 = Debug|Any CPU
		{13DD7A16-9F0C-479E-9595-ACE38D2CCA93}.Release|Any CPU.ActiveCfg = Release|Any CPU
		{13DD7A16-9F0C-479E-9595-ACE38D2CCA93}.Release|Any CPU.Build.0 = Release|Any CPU
		{13DD7A16-9F0C-479E-9595-ACE38D2CCA93}.Release|x86.ActiveCfg = Release|Any CPU
		{13DD7A16-9F0C-479E-9595-ACE38D2CCA93}.Release|x86.Build.0 = Release|Any CPU
		{350720FB-DE38-41A1-81CA-B066DCF04D95}.Debug|Any CPU.ActiveCfg = Debug|Any CPU
		{350720FB-DE38-41A1-81CA-B066DCF04D95}.Debug|Any CPU.Build.0 = Debug|Any CPU
		{350720FB-DE38-41A1-81CA-B066DCF04D95}.Debug|x86.ActiveCfg = Debug|Any CPU
		{350720FB-DE38-41A1-81CA-B066DCF04D95}.Debug|x86.Build.0 = Debug|Any CPU
		{350720FB-DE38-41A1-81CA-B066DCF04D95}.Release|Any CPU.ActiveCfg = Release|Any CPU
		{350720FB-DE38-41A1-81CA-B066DCF04D95}.Release|Any CPU.Build.0 = Release|Any CPU
		{350720FB-DE38-41A1-81CA-B066DCF04D95}.Release|x86.ActiveCfg = Release|Any CPU
		{350720FB-DE38-41A1-81CA-B066DCF04D95}.Release|x86.Build.0 = Release|Any CPU
		{B2D8AD7C-EB0A-4097-87DC-4ED0D6FF073B}.Debug|Any CPU.ActiveCfg = Debug|Any CPU
		{B2D8AD7C-EB0A-4097-87DC-4ED0D6FF073B}.Debug|Any CPU.Build.0 = Debug|Any CPU
		{B2D8AD7C-EB0A-4097-87DC-4ED0D6FF073B}.Debug|x86.ActiveCfg = Debug|Any CPU
		{B2D8AD7C-EB0A-4097-87DC-4ED0D6FF073B}.Debug|x86.Build.0 = Debug|Any CPU
		{B2D8AD7C-EB0A-4097-87DC-4ED0D6FF073B}.Release|Any CPU.ActiveCfg = Release|Any CPU
		{B2D8AD7C-EB0A-4097-87DC-4ED0D6FF073B}.Release|Any CPU.Build.0 = Release|Any CPU
		{B2D8AD7C-EB0A-4097-87DC-4ED0D6FF073B}.Release|x86.ActiveCfg = Release|Any CPU
		{B2D8AD7C-EB0A-4097-87DC-4ED0D6FF073B}.Release|x86.Build.0 = Release|Any CPU
		{F47A07C7-8A00-4161-87EB-4555A63D4119}.Debug|Any CPU.ActiveCfg = Debug|Any CPU
		{F47A07C7-8A00-4161-87EB-4555A63D4119}.Debug|Any CPU.Build.0 = Debug|Any CPU
		{F47A07C7-8A00-4161-87EB-4555A63D4119}.Debug|x86.ActiveCfg = Debug|Any CPU
		{F47A07C7-8A00-4161-87EB-4555A63D4119}.Debug|x86.Build.0 = Debug|Any CPU
		{F47A07C7-8A00-4161-87EB-4555A63D4119}.Release|Any CPU.ActiveCfg = Release|Any CPU
		{F47A07C7-8A00-4161-87EB-4555A63D4119}.Release|Any CPU.Build.0 = Release|Any CPU
		{F47A07C7-8A00-4161-87EB-4555A63D4119}.Release|x86.ActiveCfg = Release|Any CPU
		{F47A07C7-8A00-4161-87EB-4555A63D4119}.Release|x86.Build.0 = Release|Any CPU
		{41AC6A06-7E22-48FF-BD0D-3E00437A3372}.Debug|Any CPU.ActiveCfg = Debug|Any CPU
		{41AC6A06-7E22-48FF-BD0D-3E00437A3372}.Debug|Any CPU.Build.0 = Debug|Any CPU
		{41AC6A06-7E22-48FF-BD0D-3E00437A3372}.Debug|x86.ActiveCfg = Debug|Any CPU
		{41AC6A06-7E22-48FF-BD0D-3E00437A3372}.Debug|x86.Build.0 = Debug|Any CPU
		{41AC6A06-7E22-48FF-BD0D-3E00437A3372}.Release|Any CPU.ActiveCfg = Release|Any CPU
		{41AC6A06-7E22-48FF-BD0D-3E00437A3372}.Release|Any CPU.Build.0 = Release|Any CPU
		{41AC6A06-7E22-48FF-BD0D-3E00437A3372}.Release|x86.ActiveCfg = Release|Any CPU
		{41AC6A06-7E22-48FF-BD0D-3E00437A3372}.Release|x86.Build.0 = Release|Any CPU
		{19AFE07E-5970-464D-88B3-6B9F3E7CF552}.Debug|Any CPU.ActiveCfg = Debug|Any CPU
		{19AFE07E-5970-464D-88B3-6B9F3E7CF552}.Debug|Any CPU.Build.0 = Debug|Any CPU
		{19AFE07E-5970-464D-88B3-6B9F3E7CF552}.Debug|x86.ActiveCfg = Debug|Any CPU
		{19AFE07E-5970-464D-88B3-6B9F3E7CF552}.Debug|x86.Build.0 = Debug|Any CPU
		{19AFE07E-5970-464D-88B3-6B9F3E7CF552}.Release|Any CPU.ActiveCfg = Release|Any CPU
		{19AFE07E-5970-464D-88B3-6B9F3E7CF552}.Release|Any CPU.Build.0 = Release|Any CPU
		{19AFE07E-5970-464D-88B3-6B9F3E7CF552}.Release|x86.ActiveCfg = Release|Any CPU
		{19AFE07E-5970-464D-88B3-6B9F3E7CF552}.Release|x86.Build.0 = Release|Any CPU
		{F9BE288D-8BF1-4FC3-9B2C-4C4153353920}.Debug|Any CPU.ActiveCfg = Debug|Any CPU
		{F9BE288D-8BF1-4FC3-9B2C-4C4153353920}.Debug|Any CPU.Build.0 = Debug|Any CPU
		{F9BE288D-8BF1-4FC3-9B2C-4C4153353920}.Debug|x86.ActiveCfg = Debug|Any CPU
		{F9BE288D-8BF1-4FC3-9B2C-4C4153353920}.Debug|x86.Build.0 = Debug|Any CPU
		{F9BE288D-8BF1-4FC3-9B2C-4C4153353920}.Release|Any CPU.ActiveCfg = Release|Any CPU
		{F9BE288D-8BF1-4FC3-9B2C-4C4153353920}.Release|Any CPU.Build.0 = Release|Any CPU
		{F9BE288D-8BF1-4FC3-9B2C-4C4153353920}.Release|x86.ActiveCfg = Release|Any CPU
		{F9BE288D-8BF1-4FC3-9B2C-4C4153353920}.Release|x86.Build.0 = Release|Any CPU
		{B62680DB-4392-430E-909B-730B9D25E451}.Debug|Any CPU.ActiveCfg = Debug|Any CPU
		{B62680DB-4392-430E-909B-730B9D25E451}.Debug|Any CPU.Build.0 = Debug|Any CPU
		{B62680DB-4392-430E-909B-730B9D25E451}.Debug|x86.ActiveCfg = Debug|Any CPU
		{B62680DB-4392-430E-909B-730B9D25E451}.Debug|x86.Build.0 = Debug|Any CPU
		{B62680DB-4392-430E-909B-730B9D25E451}.Release|Any CPU.ActiveCfg = Release|Any CPU
		{B62680DB-4392-430E-909B-730B9D25E451}.Release|Any CPU.Build.0 = Release|Any CPU
		{B62680DB-4392-430E-909B-730B9D25E451}.Release|x86.ActiveCfg = Release|Any CPU
		{B62680DB-4392-430E-909B-730B9D25E451}.Release|x86.Build.0 = Release|Any CPU
	EndGlobalSection
	GlobalSection(SolutionProperties) = preSolution
		HideSolutionNode = FALSE
	EndGlobalSection
	GlobalSection(NestedProjects) = preSolution
		{13DD7A16-9F0C-479E-9595-ACE38D2CCA93} = {B38FC5F0-23B4-4338-B83E-1149E6E09E8F}
		{36DB2DA4-071D-4EFB-8B41-F6C64963561C} = {1A14D716-75D9-45B3-B534-5662E0422AC3}
		{ACAC0C70-65F6-43B9-B504-AAA39945EAAE} = {1A14D716-75D9-45B3-B534-5662E0422AC3}
		{350720FB-DE38-41A1-81CA-B066DCF04D95} = {36DB2DA4-071D-4EFB-8B41-F6C64963561C}
		{B2D8AD7C-EB0A-4097-87DC-4ED0D6FF073B} = {36DB2DA4-071D-4EFB-8B41-F6C64963561C}
		{F47A07C7-8A00-4161-87EB-4555A63D4119} = {ACAC0C70-65F6-43B9-B504-AAA39945EAAE}
		{41AC6A06-7E22-48FF-BD0D-3E00437A3372} = {ACAC0C70-65F6-43B9-B504-AAA39945EAAE}
		{19AFE07E-5970-464D-88B3-6B9F3E7CF552} = {3FCC0E78-3B1B-4C27-9994-9AC17D396FA7}
		{F9BE288D-8BF1-4FC3-9B2C-4C4153353920} = {3FCC0E78-3B1B-4C27-9994-9AC17D396FA7}
		{B62680DB-4392-430E-909B-730B9D25E451} = {3FCC0E78-3B1B-4C27-9994-9AC17D396FA7}
	EndGlobalSection
	GlobalSection(ExtensibilityGlobals) = postSolution
		SolutionGuid = {B7B7EDE6-642D-44D6-8288-482121084D55}
	EndGlobalSection
EndGlobal
