
Microsoft Visual Studio Solution File, Format Version 12.00
# Visual Studio Version 17
VisualStudioVersion = 17.1.32328.378
MinimumVisualStudioVersion = 10.0.40219.1
Project("{9A19103F-16F7-4668-BE54-9A1E7A4F7556}") = "Kanadeiar.Api", "Kanadeiar.Api\Kanadeiar.Api.csproj", "{6207BE10-C3E1-4E5F-A162-2C0F57AA15C0}"
EndProject
Project("{2150E333-8FDC-42A3-9474-1A3956D46DE8}") = "Tests", "Tests", "{B38FC5F0-23B4-4338-B83E-1149E6E09E8F}"
EndProject
Project("{2150E333-8FDC-42A3-9474-1A3956D46DE8}") = "Solution Items", "Solution Items", "{04CB94C1-437D-4069-9828-E1ED4026C5E9}"
	ProjectSection(SolutionItems) = preProject
		README.md = README.md
	EndProjectSection
EndProject
Project("{9A19103F-16F7-4668-BE54-9A1E7A4F7556}") = "Kanadeiar.Api.Tests", "Tests\Kanadeiar.Api.Tests\Kanadeiar.Api.Tests.csproj", "{13DD7A16-9F0C-479E-9595-ACE38D2CCA93}"
EndProject
Project("{2150E333-8FDC-42A3-9474-1A3956D46DE8}") = "Docs", "Docs", "{FA7DCC87-34F5-418D-BCCF-B2D79F3163BB}"
EndProject
Project("{2150E333-8FDC-42A3-9474-1A3956D46DE8}") = "General", "General", "{EB89BB46-73BD-4E5F-996D-E6867F2F61B4}"
	ProjectSection(SolutionItems) = preProject
		Docs\General\Index.md = Docs\General\Index.md
	EndProjectSection
EndProject
Project("{2150E333-8FDC-42A3-9474-1A3956D46DE8}") = "REST", "REST", "{912A574A-E499-4D5A-BDCE-662C401D025C}"
	ProjectSection(SolutionItems) = preProject
		Docs\REST\Index.md = Docs\REST\Index.md
	EndProjectSection
EndProject
Project("{2150E333-8FDC-42A3-9474-1A3956D46DE8}") = "gRPC", "gRPC", "{892D9636-04DF-4184-B4F2-AA1857C5B307}"
	ProjectSection(SolutionItems) = preProject
		Docs\gRPC\Index.md = Docs\gRPC\Index.md
	EndProjectSection
EndProject
Project("{2150E333-8FDC-42A3-9474-1A3956D46DE8}") = "MassTransit", "MassTransit", "{B963D207-84E4-4D13-A911-5ED29D73A933}"
	ProjectSection(SolutionItems) = preProject
		Docs\MassTransit\Index.md = Docs\MassTransit\Index.md
	EndProjectSection
EndProject
Project("{2150E333-8FDC-42A3-9474-1A3956D46DE8}") = "Samples", "Samples", "{213D50D4-6651-4549-A81B-C00EA3E80667}"
EndProject
Project("{2150E333-8FDC-42A3-9474-1A3956D46DE8}") = "Rest1Core", "Rest1Core", "{D0740155-F76B-47AC-8160-0D09A2A87F48}"
EndProject
Project("{2150E333-8FDC-42A3-9474-1A3956D46DE8}") = "Rest1Infrastructure", "Rest1Infrastructure", "{4587610C-2F54-4E59-9FE3-E84B727CFB30}"
EndProject
Project("{9A19103F-16F7-4668-BE54-9A1E7A4F7556}") = "Rest1ClientInfrastructure", "Docs\REST\Samples\Rest1Infrastructure\Rest1ClientInfrastructure\Rest1ClientInfrastructure.csproj", "{CADD51D8-CCEF-4069-B19E-58647149F78F}"
EndProject
Project("{9A19103F-16F7-4668-BE54-9A1E7A4F7556}") = "Rest1ClientDomain", "Docs\REST\Samples\Rest1Core\Rest1ClientDomain\Rest1ClientDomain.csproj", "{E34AC655-9A33-4463-9F79-B2E033BEE677}"
EndProject
Project("{9A19103F-16F7-4668-BE54-9A1E7A4F7556}") = "Rest1ClientApplication", "Docs\REST\Samples\Rest1Core\Rest1ClientApplication\Rest1ClientApplication.csproj", "{039093EA-A1FB-443F-A460-B7B68B496570}"
EndProject
Project("{2150E333-8FDC-42A3-9474-1A3956D46DE8}") = "Docs", "Docs", "{D5E5E570-96F6-4743-9322-E495BAD0DB3B}"
	ProjectSection(SolutionItems) = preProject
		Docs\REST\Database.md = Docs\REST\Database.md
		Docs\REST\MediatR.md = Docs\REST\MediatR.md
		Docs\REST\Repositories.md = Docs\REST\Repositories.md
	EndProjectSection
EndProject
Project("{9A19103F-16F7-4668-BE54-9A1E7A4F7556}") = "Rest1ClientApi", "Docs\REST\Samples\Rest1ClientApi\Rest1ClientApi.csproj", "{674D0B34-3502-4091-A64C-AFA82C21E84F}"
EndProject
Global
	GlobalSection(SolutionConfigurationPlatforms) = preSolution
		Debug|Any CPU = Debug|Any CPU
		Debug|x86 = Debug|x86
		Release|Any CPU = Release|Any CPU
		Release|x86 = Release|x86
	EndGlobalSection
	GlobalSection(ProjectConfigurationPlatforms) = postSolution
		{6207BE10-C3E1-4E5F-A162-2C0F57AA15C0}.Debug|Any CPU.ActiveCfg = Debug|Any CPU
		{6207BE10-C3E1-4E5F-A162-2C0F57AA15C0}.Debug|Any CPU.Build.0 = Debug|Any CPU
		{6207BE10-C3E1-4E5F-A162-2C0F57AA15C0}.Debug|x86.ActiveCfg = Debug|Any CPU
		{6207BE10-C3E1-4E5F-A162-2C0F57AA15C0}.Debug|x86.Build.0 = Debug|Any CPU
		{6207BE10-C3E1-4E5F-A162-2C0F57AA15C0}.Release|Any CPU.ActiveCfg = Release|Any CPU
		{6207BE10-C3E1-4E5F-A162-2C0F57AA15C0}.Release|Any CPU.Build.0 = Release|Any CPU
		{6207BE10-C3E1-4E5F-A162-2C0F57AA15C0}.Release|x86.ActiveCfg = Release|Any CPU
		{6207BE10-C3E1-4E5F-A162-2C0F57AA15C0}.Release|x86.Build.0 = Release|Any CPU
		{13DD7A16-9F0C-479E-9595-ACE38D2CCA93}.Debug|Any CPU.ActiveCfg = Debug|Any CPU
		{13DD7A16-9F0C-479E-9595-ACE38D2CCA93}.Debug|Any CPU.Build.0 = Debug|Any CPU
		{13DD7A16-9F0C-479E-9595-ACE38D2CCA93}.Debug|x86.ActiveCfg = Debug|Any CPU
		{13DD7A16-9F0C-479E-9595-ACE38D2CCA93}.Debug|x86.Build.0 = Debug|Any CPU
		{13DD7A16-9F0C-479E-9595-ACE38D2CCA93}.Release|Any CPU.ActiveCfg = Release|Any CPU
		{13DD7A16-9F0C-479E-9595-ACE38D2CCA93}.Release|Any CPU.Build.0 = Release|Any CPU
		{13DD7A16-9F0C-479E-9595-ACE38D2CCA93}.Release|x86.ActiveCfg = Release|Any CPU
		{13DD7A16-9F0C-479E-9595-ACE38D2CCA93}.Release|x86.Build.0 = Release|Any CPU
		{CADD51D8-CCEF-4069-B19E-58647149F78F}.Debug|Any CPU.ActiveCfg = Debug|Any CPU
		{CADD51D8-CCEF-4069-B19E-58647149F78F}.Debug|Any CPU.Build.0 = Debug|Any CPU
		{CADD51D8-CCEF-4069-B19E-58647149F78F}.Debug|x86.ActiveCfg = Debug|Any CPU
		{CADD51D8-CCEF-4069-B19E-58647149F78F}.Debug|x86.Build.0 = Debug|Any CPU
		{CADD51D8-CCEF-4069-B19E-58647149F78F}.Release|Any CPU.ActiveCfg = Release|Any CPU
		{CADD51D8-CCEF-4069-B19E-58647149F78F}.Release|Any CPU.Build.0 = Release|Any CPU
		{CADD51D8-CCEF-4069-B19E-58647149F78F}.Release|x86.ActiveCfg = Release|Any CPU
		{CADD51D8-CCEF-4069-B19E-58647149F78F}.Release|x86.Build.0 = Release|Any CPU
		{E34AC655-9A33-4463-9F79-B2E033BEE677}.Debug|Any CPU.ActiveCfg = Debug|Any CPU
		{E34AC655-9A33-4463-9F79-B2E033BEE677}.Debug|Any CPU.Build.0 = Debug|Any CPU
		{E34AC655-9A33-4463-9F79-B2E033BEE677}.Debug|x86.ActiveCfg = Debug|Any CPU
		{E34AC655-9A33-4463-9F79-B2E033BEE677}.Debug|x86.Build.0 = Debug|Any CPU
		{E34AC655-9A33-4463-9F79-B2E033BEE677}.Release|Any CPU.ActiveCfg = Release|Any CPU
		{E34AC655-9A33-4463-9F79-B2E033BEE677}.Release|Any CPU.Build.0 = Release|Any CPU
		{E34AC655-9A33-4463-9F79-B2E033BEE677}.Release|x86.ActiveCfg = Release|Any CPU
		{E34AC655-9A33-4463-9F79-B2E033BEE677}.Release|x86.Build.0 = Release|Any CPU
		{039093EA-A1FB-443F-A460-B7B68B496570}.Debug|Any CPU.ActiveCfg = Debug|Any CPU
		{039093EA-A1FB-443F-A460-B7B68B496570}.Debug|Any CPU.Build.0 = Debug|Any CPU
		{039093EA-A1FB-443F-A460-B7B68B496570}.Debug|x86.ActiveCfg = Debug|Any CPU
		{039093EA-A1FB-443F-A460-B7B68B496570}.Debug|x86.Build.0 = Debug|Any CPU
		{039093EA-A1FB-443F-A460-B7B68B496570}.Release|Any CPU.ActiveCfg = Release|Any CPU
		{039093EA-A1FB-443F-A460-B7B68B496570}.Release|Any CPU.Build.0 = Release|Any CPU
		{039093EA-A1FB-443F-A460-B7B68B496570}.Release|x86.ActiveCfg = Release|Any CPU
		{039093EA-A1FB-443F-A460-B7B68B496570}.Release|x86.Build.0 = Release|Any CPU
		{674D0B34-3502-4091-A64C-AFA82C21E84F}.Debug|Any CPU.ActiveCfg = Debug|Any CPU
		{674D0B34-3502-4091-A64C-AFA82C21E84F}.Debug|Any CPU.Build.0 = Debug|Any CPU
		{674D0B34-3502-4091-A64C-AFA82C21E84F}.Debug|x86.ActiveCfg = Debug|Any CPU
		{674D0B34-3502-4091-A64C-AFA82C21E84F}.Debug|x86.Build.0 = Debug|Any CPU
		{674D0B34-3502-4091-A64C-AFA82C21E84F}.Release|Any CPU.ActiveCfg = Release|Any CPU
		{674D0B34-3502-4091-A64C-AFA82C21E84F}.Release|Any CPU.Build.0 = Release|Any CPU
		{674D0B34-3502-4091-A64C-AFA82C21E84F}.Release|x86.ActiveCfg = Release|Any CPU
		{674D0B34-3502-4091-A64C-AFA82C21E84F}.Release|x86.Build.0 = Release|Any CPU
	EndGlobalSection
	GlobalSection(SolutionProperties) = preSolution
		HideSolutionNode = FALSE
	EndGlobalSection
	GlobalSection(NestedProjects) = preSolution
		{13DD7A16-9F0C-479E-9595-ACE38D2CCA93} = {B38FC5F0-23B4-4338-B83E-1149E6E09E8F}
		{EB89BB46-73BD-4E5F-996D-E6867F2F61B4} = {FA7DCC87-34F5-418D-BCCF-B2D79F3163BB}
		{912A574A-E499-4D5A-BDCE-662C401D025C} = {FA7DCC87-34F5-418D-BCCF-B2D79F3163BB}
		{892D9636-04DF-4184-B4F2-AA1857C5B307} = {FA7DCC87-34F5-418D-BCCF-B2D79F3163BB}
		{B963D207-84E4-4D13-A911-5ED29D73A933} = {FA7DCC87-34F5-418D-BCCF-B2D79F3163BB}
		{213D50D4-6651-4549-A81B-C00EA3E80667} = {912A574A-E499-4D5A-BDCE-662C401D025C}
		{D0740155-F76B-47AC-8160-0D09A2A87F48} = {213D50D4-6651-4549-A81B-C00EA3E80667}
		{4587610C-2F54-4E59-9FE3-E84B727CFB30} = {213D50D4-6651-4549-A81B-C00EA3E80667}
		{CADD51D8-CCEF-4069-B19E-58647149F78F} = {4587610C-2F54-4E59-9FE3-E84B727CFB30}
		{E34AC655-9A33-4463-9F79-B2E033BEE677} = {D0740155-F76B-47AC-8160-0D09A2A87F48}
		{039093EA-A1FB-443F-A460-B7B68B496570} = {D0740155-F76B-47AC-8160-0D09A2A87F48}
		{D5E5E570-96F6-4743-9322-E495BAD0DB3B} = {912A574A-E499-4D5A-BDCE-662C401D025C}
		{674D0B34-3502-4091-A64C-AFA82C21E84F} = {213D50D4-6651-4549-A81B-C00EA3E80667}
	EndGlobalSection
	GlobalSection(ExtensibilityGlobals) = postSolution
		SolutionGuid = {B7B7EDE6-642D-44D6-8288-482121084D55}
	EndGlobalSection
EndGlobal
