
Microsoft Visual Studio Solution File, Format Version 12.00
# Visual Studio Version 17
VisualStudioVersion = 17.1.32328.378
MinimumVisualStudioVersion = 10.0.40219.1
Project("{9A19103F-16F7-4668-BE54-9A1E7A4F7556}") = "Kanadeiar.Api", "Kanadeiar.Api\Kanadeiar.Api.csproj", "{6207BE10-C3E1-4E5F-A162-2C0F57AA15C0}"
EndProject
Project("{2150E333-8FDC-42A3-9474-1A3956D46DE8}") = "Tests", "Tests", "{B38FC5F0-23B4-4338-B83E-1149E6E09E8F}"
EndProject
Project("{2150E333-8FDC-42A3-9474-1A3956D46DE8}") = "Solution Items", "Solution Items", "{04CB94C1-437D-4069-9828-E1ED4026C5E9}"
	ProjectSection(SolutionItems) = preProject
		Index.md = Index.md
		README.md = README.md
	EndProjectSection
EndProject
Project("{9A19103F-16F7-4668-BE54-9A1E7A4F7556}") = "Kanadeiar.Api.Tests", "Tests\Kanadeiar.Api.Tests\Kanadeiar.Api.Tests.csproj", "{13DD7A16-9F0C-479E-9595-ACE38D2CCA93}"
EndProject
Project("{2150E333-8FDC-42A3-9474-1A3956D46DE8}") = "Docs", "Docs", "{FA7DCC87-34F5-418D-BCCF-B2D79F3163BB}"
EndProject
Project("{2150E333-8FDC-42A3-9474-1A3956D46DE8}") = "General", "General", "{EB89BB46-73BD-4E5F-996D-E6867F2F61B4}"
	ProjectSection(SolutionItems) = preProject
		Docs\General\Index.md = Docs\General\Index.md
	EndProjectSection
EndProject
Project("{2150E333-8FDC-42A3-9474-1A3956D46DE8}") = "REST", "REST", "{912A574A-E499-4D5A-BDCE-662C401D025C}"
	ProjectSection(SolutionItems) = preProject
		Docs\REST\Index.md = Docs\REST\Index.md
	EndProjectSection
EndProject
Project("{2150E333-8FDC-42A3-9474-1A3956D46DE8}") = "gRPC", "gRPC", "{892D9636-04DF-4184-B4F2-AA1857C5B307}"
	ProjectSection(SolutionItems) = preProject
		Docs\gRPC\Index.md = Docs\gRPC\Index.md
	EndProjectSection
EndProject
Project("{2150E333-8FDC-42A3-9474-1A3956D46DE8}") = "Samples", "Samples", "{213D50D4-6651-4549-A81B-C00EA3E80667}"
EndProject
Project("{2150E333-8FDC-42A3-9474-1A3956D46DE8}") = "Rest1Core", "Rest1Core", "{D0740155-F76B-47AC-8160-0D09A2A87F48}"
EndProject
Project("{2150E333-8FDC-42A3-9474-1A3956D46DE8}") = "Rest1Infrastructure", "Rest1Infrastructure", "{4587610C-2F54-4E59-9FE3-E84B727CFB30}"
EndProject
Project("{9A19103F-16F7-4668-BE54-9A1E7A4F7556}") = "Rest1ClientInfrastructure", "Docs\REST\Samples\Rest1Infrastructure\Rest1ClientInfrastructure\Rest1ClientInfrastructure.csproj", "{CADD51D8-CCEF-4069-B19E-58647149F78F}"
EndProject
Project("{9A19103F-16F7-4668-BE54-9A1E7A4F7556}") = "Rest1ClientDomain", "Docs\REST\Samples\Rest1Core\Rest1ClientDomain\Rest1ClientDomain.csproj", "{E34AC655-9A33-4463-9F79-B2E033BEE677}"
EndProject
Project("{9A19103F-16F7-4668-BE54-9A1E7A4F7556}") = "Rest1ClientApplication", "Docs\REST\Samples\Rest1Core\Rest1ClientApplication\Rest1ClientApplication.csproj", "{039093EA-A1FB-443F-A460-B7B68B496570}"
EndProject
Project("{2150E333-8FDC-42A3-9474-1A3956D46DE8}") = "Docs", "Docs", "{D5E5E570-96F6-4743-9322-E495BAD0DB3B}"
	ProjectSection(SolutionItems) = preProject
		Docs\REST\Database.md = Docs\REST\Database.md
		Docs\REST\FluentValidation.md = Docs\REST\FluentValidation.md
		Docs\REST\Serilog.md = Docs\REST\Serilog.md
	EndProjectSection
EndProject
Project("{9A19103F-16F7-4668-BE54-9A1E7A4F7556}") = "Rest1ClientApi", "Docs\REST\Samples\Rest1ClientApi\Rest1ClientApi.csproj", "{674D0B34-3502-4091-A64C-AFA82C21E84F}"
EndProject
Project("{9A19103F-16F7-4668-BE54-9A1E7A4F7556}") = "Rest1ClientConsoleApp", "Docs\REST\Samples\Rest1ClientConsole\Rest1ClientConsoleApp.csproj", "{D878B507-C631-4EA6-BAA4-4D7A66586E5B}"
EndProject
Project("{2150E333-8FDC-42A3-9474-1A3956D46DE8}") = "Samples", "Samples", "{74EB56F0-DEF8-49A6-BA0C-3118396524EB}"
EndProject
Project("{2150E333-8FDC-42A3-9474-1A3956D46DE8}") = "gRpc1Core", "gRpc1Core", "{8FE822CE-23D0-44F2-A275-01B5E872C551}"
EndProject
Project("{9A19103F-16F7-4668-BE54-9A1E7A4F7556}") = "gRpc1ClientDomain", "Docs\gRPC\Samples\gRpc1Core\gRpc1ClientDomain\gRpc1ClientDomain.csproj", "{470F17FD-1802-4D11-B08D-2E5582071B1E}"
EndProject
Project("{9A19103F-16F7-4668-BE54-9A1E7A4F7556}") = "gRpc1ClientApplication", "Docs\gRPC\Samples\gRpc1Core\gRpc1ClientApplication\gRpc1ClientApplication.csproj", "{AF52D899-DCF3-4D32-8545-259A7165D5DE}"
EndProject
Project("{9A19103F-16F7-4668-BE54-9A1E7A4F7556}") = "gRpc1ClientApi", "Docs\gRPC\Samples\gRpc1ClientApi\gRpc1ClientApi.csproj", "{DE416915-B6A8-4414-807A-2521C28D2587}"
EndProject
Project("{2150E333-8FDC-42A3-9474-1A3956D46DE8}") = "gRpc1Infrastructure", "gRpc1Infrastructure", "{6649D4CC-B8AE-4331-AD0D-8121C1D4C354}"
EndProject
Project("{9A19103F-16F7-4668-BE54-9A1E7A4F7556}") = "gRpc1ClientInfrastructure", "Docs\gRPC\Samples\gRpc1Infrastructure\gRpc1ClientInfrastructure\gRpc1ClientInfrastructure.csproj", "{20B8BA86-3BFF-43A3-A5BF-3E10DFD284F3}"
EndProject
Project("{9A19103F-16F7-4668-BE54-9A1E7A4F7556}") = "gRpc1ClientConsoleApp", "Docs\gRPC\Samples\gRpc1ClientConsole\gRpc1ClientConsoleApp.csproj", "{9CEA3FA0-7D67-45DD-911C-DAD287AE8486}"
EndProject
Project("{2150E333-8FDC-42A3-9474-1A3956D46DE8}") = "Lab", "Lab", "{5C277A7F-6CAF-4469-837E-80FF44619D69}"
EndProject
Project("{2150E333-8FDC-42A3-9474-1A3956D46DE8}") = "Core", "Core", "{B58EE507-040B-4921-905C-98DE93B13DA9}"
EndProject
Project("{2150E333-8FDC-42A3-9474-1A3956D46DE8}") = "Infrastructure", "Infrastructure", "{3015736D-1046-429F-9F6E-C6ECE2324102}"
EndProject
Project("{9A19103F-16F7-4668-BE54-9A1E7A4F7556}") = "Lab1ClientApi", "Lab\Lab1ClientApi\Lab1ClientApi.csproj", "{97576045-1D77-4302-9D51-E41151F9BE1D}"
EndProject
Project("{9A19103F-16F7-4668-BE54-9A1E7A4F7556}") = "Lab1ClientConsoleApp", "Lab\Lab1ClientConsoleApp\Lab1ClientConsoleApp.csproj", "{E6F08310-1A9E-4D16-BC1E-424B77CCB207}"
EndProject
Project("{9A19103F-16F7-4668-BE54-9A1E7A4F7556}") = "Lab1ClientDomain", "Lab\Lab1Core\Lab1ClientDomain\Lab1ClientDomain.csproj", "{A014E92F-1CC1-4071-A474-553BD2A94B93}"
EndProject
Project("{9A19103F-16F7-4668-BE54-9A1E7A4F7556}") = "Lab1ClientApplication", "Lab\Lab1Core\Lab1ClientApplication\Lab1ClientApplication.csproj", "{DEAFA179-0FF1-4D03-93CB-C963A5349D65}"
EndProject
Project("{9A19103F-16F7-4668-BE54-9A1E7A4F7556}") = "Lab1ClientInfrastructure", "Lab\Lab1Infrastructure\Lab1ClientInfrastructure\Lab1ClientInfrastructure.csproj", "{2B18FD88-1654-46A1-B14E-43A630661F18}"
EndProject
Project("{2150E333-8FDC-42A3-9474-1A3956D46DE8}") = "MT", "MT", "{7E31C24A-8957-4EC0-9866-F7515FEB117B}"
	ProjectSection(SolutionItems) = preProject
		Docs\MT\Index.md = Docs\MT\Index.md
	EndProjectSection
EndProject
Project("{2150E333-8FDC-42A3-9474-1A3956D46DE8}") = "Docs", "Docs", "{419863ED-26FB-4FF0-A7D1-A1F1E7E5716B}"
EndProject
Project("{2150E333-8FDC-42A3-9474-1A3956D46DE8}") = "Samples", "Samples", "{4FAC74E9-DA8A-4165-8C91-69219B32222A}"
EndProject
Project("{2150E333-8FDC-42A3-9474-1A3956D46DE8}") = "MT1Core", "MT1Core", "{B9A8BA99-DF31-4BC1-9F7B-643AD3DDDEEE}"
EndProject
Project("{2150E333-8FDC-42A3-9474-1A3956D46DE8}") = "MT1Infra", "MT1Infra", "{81200588-EEB4-4185-8A84-5D37E039BD92}"
EndProject
Project("{FAE04EC0-301F-11D3-BF4B-00C04F79EFBC}") = "MT1ClientDomain", "Docs\MT\Samples\MT1Core\MT1ClientDomain\MT1ClientDomain.csproj", "{9AB4532B-D54D-4395-8186-4FCFEC5BA91F}"
EndProject
Project("{FAE04EC0-301F-11D3-BF4B-00C04F79EFBC}") = "MT1ClientApplication", "Docs\MT\Samples\MT1Core\MT1ClientApplication\MT1ClientApplication.csproj", "{DD4A0AD3-D5AE-472A-BCE6-F1D3F78E2C97}"
EndProject
Project("{9A19103F-16F7-4668-BE54-9A1E7A4F7556}") = "MT1ClientInfra", "Docs\MT\Samples\MT1Infra\MT1ClientInfra\MT1ClientInfra.csproj", "{17FA16D2-CD0D-4F9A-96A1-57FD1A94948A}"
EndProject
Project("{FAE04EC0-301F-11D3-BF4B-00C04F79EFBC}") = "MT1ClientApi", "Docs\MT\Samples\MT1ClientApi\MT1ClientApi.csproj", "{AD80FA39-8E5C-4281-B818-5B4DE40155DA}"
EndProject
Project("{FAE04EC0-301F-11D3-BF4B-00C04F79EFBC}") = "MT1GatewayInfra", "Docs\MT\Samples\MT1Infra\MT1GatewayInfra\MT1GatewayInfra.csproj", "{607A3406-3B24-4402-8601-C2316019DA1B}"
EndProject
Project("{9A19103F-16F7-4668-BE54-9A1E7A4F7556}") = "MT1GatewayApi", "Docs\MT\Samples\MT1GatewayApi\MT1GatewayApi.csproj", "{9D61E18B-E3EA-424E-949A-0AE6C3E1B688}"
EndProject
Global
	GlobalSection(SolutionConfigurationPlatforms) = preSolution
		Debug|Any CPU = Debug|Any CPU
		Debug|x86 = Debug|x86
		Release|Any CPU = Release|Any CPU
		Release|x86 = Release|x86
	EndGlobalSection
	GlobalSection(ProjectConfigurationPlatforms) = postSolution
		{6207BE10-C3E1-4E5F-A162-2C0F57AA15C0}.Debug|Any CPU.ActiveCfg = Debug|Any CPU
		{6207BE10-C3E1-4E5F-A162-2C0F57AA15C0}.Debug|Any CPU.Build.0 = Debug|Any CPU
		{6207BE10-C3E1-4E5F-A162-2C0F57AA15C0}.Debug|x86.ActiveCfg = Debug|Any CPU
		{6207BE10-C3E1-4E5F-A162-2C0F57AA15C0}.Debug|x86.Build.0 = Debug|Any CPU
		{6207BE10-C3E1-4E5F-A162-2C0F57AA15C0}.Release|Any CPU.ActiveCfg = Release|Any CPU
		{6207BE10-C3E1-4E5F-A162-2C0F57AA15C0}.Release|Any CPU.Build.0 = Release|Any CPU
		{6207BE10-C3E1-4E5F-A162-2C0F57AA15C0}.Release|x86.ActiveCfg = Release|Any CPU
		{6207BE10-C3E1-4E5F-A162-2C0F57AA15C0}.Release|x86.Build.0 = Release|Any CPU
		{13DD7A16-9F0C-479E-9595-ACE38D2CCA93}.Debug|Any CPU.ActiveCfg = Debug|Any CPU
		{13DD7A16-9F0C-479E-9595-ACE38D2CCA93}.Debug|Any CPU.Build.0 = Debug|Any CPU
		{13DD7A16-9F0C-479E-9595-ACE38D2CCA93}.Debug|x86.ActiveCfg = Debug|Any CPU
		{13DD7A16-9F0C-479E-9595-ACE38D2CCA93}.Debug|x86.Build.0 = Debug|Any CPU
		{13DD7A16-9F0C-479E-9595-ACE38D2CCA93}.Release|Any CPU.ActiveCfg = Release|Any CPU
		{13DD7A16-9F0C-479E-9595-ACE38D2CCA93}.Release|Any CPU.Build.0 = Release|Any CPU
		{13DD7A16-9F0C-479E-9595-ACE38D2CCA93}.Release|x86.ActiveCfg = Release|Any CPU
		{13DD7A16-9F0C-479E-9595-ACE38D2CCA93}.Release|x86.Build.0 = Release|Any CPU
		{CADD51D8-CCEF-4069-B19E-58647149F78F}.Debug|Any CPU.ActiveCfg = Debug|Any CPU
		{CADD51D8-CCEF-4069-B19E-58647149F78F}.Debug|Any CPU.Build.0 = Debug|Any CPU
		{CADD51D8-CCEF-4069-B19E-58647149F78F}.Debug|x86.ActiveCfg = Debug|Any CPU
		{CADD51D8-CCEF-4069-B19E-58647149F78F}.Debug|x86.Build.0 = Debug|Any CPU
		{CADD51D8-CCEF-4069-B19E-58647149F78F}.Release|Any CPU.ActiveCfg = Release|Any CPU
		{CADD51D8-CCEF-4069-B19E-58647149F78F}.Release|Any CPU.Build.0 = Release|Any CPU
		{CADD51D8-CCEF-4069-B19E-58647149F78F}.Release|x86.ActiveCfg = Release|Any CPU
		{CADD51D8-CCEF-4069-B19E-58647149F78F}.Release|x86.Build.0 = Release|Any CPU
		{E34AC655-9A33-4463-9F79-B2E033BEE677}.Debug|Any CPU.ActiveCfg = Debug|Any CPU
		{E34AC655-9A33-4463-9F79-B2E033BEE677}.Debug|Any CPU.Build.0 = Debug|Any CPU
		{E34AC655-9A33-4463-9F79-B2E033BEE677}.Debug|x86.ActiveCfg = Debug|Any CPU
		{E34AC655-9A33-4463-9F79-B2E033BEE677}.Debug|x86.Build.0 = Debug|Any CPU
		{E34AC655-9A33-4463-9F79-B2E033BEE677}.Release|Any CPU.ActiveCfg = Release|Any CPU
		{E34AC655-9A33-4463-9F79-B2E033BEE677}.Release|Any CPU.Build.0 = Release|Any CPU
		{E34AC655-9A33-4463-9F79-B2E033BEE677}.Release|x86.ActiveCfg = Release|Any CPU
		{E34AC655-9A33-4463-9F79-B2E033BEE677}.Release|x86.Build.0 = Release|Any CPU
		{039093EA-A1FB-443F-A460-B7B68B496570}.Debug|Any CPU.ActiveCfg = Debug|Any CPU
		{039093EA-A1FB-443F-A460-B7B68B496570}.Debug|Any CPU.Build.0 = Debug|Any CPU
		{039093EA-A1FB-443F-A460-B7B68B496570}.Debug|x86.ActiveCfg = Debug|Any CPU
		{039093EA-A1FB-443F-A460-B7B68B496570}.Debug|x86.Build.0 = Debug|Any CPU
		{039093EA-A1FB-443F-A460-B7B68B496570}.Release|Any CPU.ActiveCfg = Release|Any CPU
		{039093EA-A1FB-443F-A460-B7B68B496570}.Release|Any CPU.Build.0 = Release|Any CPU
		{039093EA-A1FB-443F-A460-B7B68B496570}.Release|x86.ActiveCfg = Release|Any CPU
		{039093EA-A1FB-443F-A460-B7B68B496570}.Release|x86.Build.0 = Release|Any CPU
		{674D0B34-3502-4091-A64C-AFA82C21E84F}.Debug|Any CPU.ActiveCfg = Debug|Any CPU
		{674D0B34-3502-4091-A64C-AFA82C21E84F}.Debug|Any CPU.Build.0 = Debug|Any CPU
		{674D0B34-3502-4091-A64C-AFA82C21E84F}.Debug|x86.ActiveCfg = Debug|Any CPU
		{674D0B34-3502-4091-A64C-AFA82C21E84F}.Debug|x86.Build.0 = Debug|Any CPU
		{674D0B34-3502-4091-A64C-AFA82C21E84F}.Release|Any CPU.ActiveCfg = Release|Any CPU
		{674D0B34-3502-4091-A64C-AFA82C21E84F}.Release|Any CPU.Build.0 = Release|Any CPU
		{674D0B34-3502-4091-A64C-AFA82C21E84F}.Release|x86.ActiveCfg = Release|Any CPU
		{674D0B34-3502-4091-A64C-AFA82C21E84F}.Release|x86.Build.0 = Release|Any CPU
		{D878B507-C631-4EA6-BAA4-4D7A66586E5B}.Debug|Any CPU.ActiveCfg = Debug|Any CPU
		{D878B507-C631-4EA6-BAA4-4D7A66586E5B}.Debug|Any CPU.Build.0 = Debug|Any CPU
		{D878B507-C631-4EA6-BAA4-4D7A66586E5B}.Debug|x86.ActiveCfg = Debug|Any CPU
		{D878B507-C631-4EA6-BAA4-4D7A66586E5B}.Debug|x86.Build.0 = Debug|Any CPU
		{D878B507-C631-4EA6-BAA4-4D7A66586E5B}.Release|Any CPU.ActiveCfg = Release|Any CPU
		{D878B507-C631-4EA6-BAA4-4D7A66586E5B}.Release|Any CPU.Build.0 = Release|Any CPU
		{D878B507-C631-4EA6-BAA4-4D7A66586E5B}.Release|x86.ActiveCfg = Release|Any CPU
		{D878B507-C631-4EA6-BAA4-4D7A66586E5B}.Release|x86.Build.0 = Release|Any CPU
		{470F17FD-1802-4D11-B08D-2E5582071B1E}.Debug|Any CPU.ActiveCfg = Debug|Any CPU
		{470F17FD-1802-4D11-B08D-2E5582071B1E}.Debug|Any CPU.Build.0 = Debug|Any CPU
		{470F17FD-1802-4D11-B08D-2E5582071B1E}.Debug|x86.ActiveCfg = Debug|Any CPU
		{470F17FD-1802-4D11-B08D-2E5582071B1E}.Debug|x86.Build.0 = Debug|Any CPU
		{470F17FD-1802-4D11-B08D-2E5582071B1E}.Release|Any CPU.ActiveCfg = Release|Any CPU
		{470F17FD-1802-4D11-B08D-2E5582071B1E}.Release|Any CPU.Build.0 = Release|Any CPU
		{470F17FD-1802-4D11-B08D-2E5582071B1E}.Release|x86.ActiveCfg = Release|Any CPU
		{470F17FD-1802-4D11-B08D-2E5582071B1E}.Release|x86.Build.0 = Release|Any CPU
		{AF52D899-DCF3-4D32-8545-259A7165D5DE}.Debug|Any CPU.ActiveCfg = Debug|Any CPU
		{AF52D899-DCF3-4D32-8545-259A7165D5DE}.Debug|Any CPU.Build.0 = Debug|Any CPU
		{AF52D899-DCF3-4D32-8545-259A7165D5DE}.Debug|x86.ActiveCfg = Debug|Any CPU
		{AF52D899-DCF3-4D32-8545-259A7165D5DE}.Debug|x86.Build.0 = Debug|Any CPU
		{AF52D899-DCF3-4D32-8545-259A7165D5DE}.Release|Any CPU.ActiveCfg = Release|Any CPU
		{AF52D899-DCF3-4D32-8545-259A7165D5DE}.Release|Any CPU.Build.0 = Release|Any CPU
		{AF52D899-DCF3-4D32-8545-259A7165D5DE}.Release|x86.ActiveCfg = Release|Any CPU
		{AF52D899-DCF3-4D32-8545-259A7165D5DE}.Release|x86.Build.0 = Release|Any CPU
		{DE416915-B6A8-4414-807A-2521C28D2587}.Debug|Any CPU.ActiveCfg = Debug|Any CPU
		{DE416915-B6A8-4414-807A-2521C28D2587}.Debug|Any CPU.Build.0 = Debug|Any CPU
		{DE416915-B6A8-4414-807A-2521C28D2587}.Debug|x86.ActiveCfg = Debug|Any CPU
		{DE416915-B6A8-4414-807A-2521C28D2587}.Debug|x86.Build.0 = Debug|Any CPU
		{DE416915-B6A8-4414-807A-2521C28D2587}.Release|Any CPU.ActiveCfg = Release|Any CPU
		{DE416915-B6A8-4414-807A-2521C28D2587}.Release|Any CPU.Build.0 = Release|Any CPU
		{DE416915-B6A8-4414-807A-2521C28D2587}.Release|x86.ActiveCfg = Release|Any CPU
		{DE416915-B6A8-4414-807A-2521C28D2587}.Release|x86.Build.0 = Release|Any CPU
		{20B8BA86-3BFF-43A3-A5BF-3E10DFD284F3}.Debug|Any CPU.ActiveCfg = Debug|Any CPU
		{20B8BA86-3BFF-43A3-A5BF-3E10DFD284F3}.Debug|Any CPU.Build.0 = Debug|Any CPU
		{20B8BA86-3BFF-43A3-A5BF-3E10DFD284F3}.Debug|x86.ActiveCfg = Debug|Any CPU
		{20B8BA86-3BFF-43A3-A5BF-3E10DFD284F3}.Debug|x86.Build.0 = Debug|Any CPU
		{20B8BA86-3BFF-43A3-A5BF-3E10DFD284F3}.Release|Any CPU.ActiveCfg = Release|Any CPU
		{20B8BA86-3BFF-43A3-A5BF-3E10DFD284F3}.Release|Any CPU.Build.0 = Release|Any CPU
		{20B8BA86-3BFF-43A3-A5BF-3E10DFD284F3}.Release|x86.ActiveCfg = Release|Any CPU
		{20B8BA86-3BFF-43A3-A5BF-3E10DFD284F3}.Release|x86.Build.0 = Release|Any CPU
		{9CEA3FA0-7D67-45DD-911C-DAD287AE8486}.Debug|Any CPU.ActiveCfg = Debug|Any CPU
		{9CEA3FA0-7D67-45DD-911C-DAD287AE8486}.Debug|Any CPU.Build.0 = Debug|Any CPU
		{9CEA3FA0-7D67-45DD-911C-DAD287AE8486}.Debug|x86.ActiveCfg = Debug|Any CPU
		{9CEA3FA0-7D67-45DD-911C-DAD287AE8486}.Debug|x86.Build.0 = Debug|Any CPU
		{9CEA3FA0-7D67-45DD-911C-DAD287AE8486}.Release|Any CPU.ActiveCfg = Release|Any CPU
		{9CEA3FA0-7D67-45DD-911C-DAD287AE8486}.Release|Any CPU.Build.0 = Release|Any CPU
		{9CEA3FA0-7D67-45DD-911C-DAD287AE8486}.Release|x86.ActiveCfg = Release|Any CPU
		{9CEA3FA0-7D67-45DD-911C-DAD287AE8486}.Release|x86.Build.0 = Release|Any CPU
		{97576045-1D77-4302-9D51-E41151F9BE1D}.Debug|Any CPU.ActiveCfg = Debug|Any CPU
		{97576045-1D77-4302-9D51-E41151F9BE1D}.Debug|Any CPU.Build.0 = Debug|Any CPU
		{97576045-1D77-4302-9D51-E41151F9BE1D}.Debug|x86.ActiveCfg = Debug|Any CPU
		{97576045-1D77-4302-9D51-E41151F9BE1D}.Debug|x86.Build.0 = Debug|Any CPU
		{97576045-1D77-4302-9D51-E41151F9BE1D}.Release|Any CPU.ActiveCfg = Release|Any CPU
		{97576045-1D77-4302-9D51-E41151F9BE1D}.Release|Any CPU.Build.0 = Release|Any CPU
		{97576045-1D77-4302-9D51-E41151F9BE1D}.Release|x86.ActiveCfg = Release|Any CPU
		{97576045-1D77-4302-9D51-E41151F9BE1D}.Release|x86.Build.0 = Release|Any CPU
		{E6F08310-1A9E-4D16-BC1E-424B77CCB207}.Debug|Any CPU.ActiveCfg = Debug|Any CPU
		{E6F08310-1A9E-4D16-BC1E-424B77CCB207}.Debug|Any CPU.Build.0 = Debug|Any CPU
		{E6F08310-1A9E-4D16-BC1E-424B77CCB207}.Debug|x86.ActiveCfg = Debug|Any CPU
		{E6F08310-1A9E-4D16-BC1E-424B77CCB207}.Debug|x86.Build.0 = Debug|Any CPU
		{E6F08310-1A9E-4D16-BC1E-424B77CCB207}.Release|Any CPU.ActiveCfg = Release|Any CPU
		{E6F08310-1A9E-4D16-BC1E-424B77CCB207}.Release|Any CPU.Build.0 = Release|Any CPU
		{E6F08310-1A9E-4D16-BC1E-424B77CCB207}.Release|x86.ActiveCfg = Release|Any CPU
		{E6F08310-1A9E-4D16-BC1E-424B77CCB207}.Release|x86.Build.0 = Release|Any CPU
		{A014E92F-1CC1-4071-A474-553BD2A94B93}.Debug|Any CPU.ActiveCfg = Debug|Any CPU
		{A014E92F-1CC1-4071-A474-553BD2A94B93}.Debug|Any CPU.Build.0 = Debug|Any CPU
		{A014E92F-1CC1-4071-A474-553BD2A94B93}.Debug|x86.ActiveCfg = Debug|Any CPU
		{A014E92F-1CC1-4071-A474-553BD2A94B93}.Debug|x86.Build.0 = Debug|Any CPU
		{A014E92F-1CC1-4071-A474-553BD2A94B93}.Release|Any CPU.ActiveCfg = Release|Any CPU
		{A014E92F-1CC1-4071-A474-553BD2A94B93}.Release|Any CPU.Build.0 = Release|Any CPU
		{A014E92F-1CC1-4071-A474-553BD2A94B93}.Release|x86.ActiveCfg = Release|Any CPU
		{A014E92F-1CC1-4071-A474-553BD2A94B93}.Release|x86.Build.0 = Release|Any CPU
		{DEAFA179-0FF1-4D03-93CB-C963A5349D65}.Debug|Any CPU.ActiveCfg = Debug|Any CPU
		{DEAFA179-0FF1-4D03-93CB-C963A5349D65}.Debug|Any CPU.Build.0 = Debug|Any CPU
		{DEAFA179-0FF1-4D03-93CB-C963A5349D65}.Debug|x86.ActiveCfg = Debug|Any CPU
		{DEAFA179-0FF1-4D03-93CB-C963A5349D65}.Debug|x86.Build.0 = Debug|Any CPU
		{DEAFA179-0FF1-4D03-93CB-C963A5349D65}.Release|Any CPU.ActiveCfg = Release|Any CPU
		{DEAFA179-0FF1-4D03-93CB-C963A5349D65}.Release|Any CPU.Build.0 = Release|Any CPU
		{DEAFA179-0FF1-4D03-93CB-C963A5349D65}.Release|x86.ActiveCfg = Release|Any CPU
		{DEAFA179-0FF1-4D03-93CB-C963A5349D65}.Release|x86.Build.0 = Release|Any CPU
		{2B18FD88-1654-46A1-B14E-43A630661F18}.Debug|Any CPU.ActiveCfg = Debug|Any CPU
		{2B18FD88-1654-46A1-B14E-43A630661F18}.Debug|Any CPU.Build.0 = Debug|Any CPU
		{2B18FD88-1654-46A1-B14E-43A630661F18}.Debug|x86.ActiveCfg = Debug|Any CPU
		{2B18FD88-1654-46A1-B14E-43A630661F18}.Debug|x86.Build.0 = Debug|Any CPU
		{2B18FD88-1654-46A1-B14E-43A630661F18}.Release|Any CPU.ActiveCfg = Release|Any CPU
		{2B18FD88-1654-46A1-B14E-43A630661F18}.Release|Any CPU.Build.0 = Release|Any CPU
		{2B18FD88-1654-46A1-B14E-43A630661F18}.Release|x86.ActiveCfg = Release|Any CPU
		{2B18FD88-1654-46A1-B14E-43A630661F18}.Release|x86.Build.0 = Release|Any CPU
		{9AB4532B-D54D-4395-8186-4FCFEC5BA91F}.Debug|Any CPU.ActiveCfg = Debug|Any CPU
		{9AB4532B-D54D-4395-8186-4FCFEC5BA91F}.Debug|Any CPU.Build.0 = Debug|Any CPU
		{9AB4532B-D54D-4395-8186-4FCFEC5BA91F}.Debug|x86.ActiveCfg = Debug|Any CPU
		{9AB4532B-D54D-4395-8186-4FCFEC5BA91F}.Debug|x86.Build.0 = Debug|Any CPU
		{9AB4532B-D54D-4395-8186-4FCFEC5BA91F}.Release|Any CPU.ActiveCfg = Release|Any CPU
		{9AB4532B-D54D-4395-8186-4FCFEC5BA91F}.Release|Any CPU.Build.0 = Release|Any CPU
		{9AB4532B-D54D-4395-8186-4FCFEC5BA91F}.Release|x86.ActiveCfg = Release|Any CPU
		{9AB4532B-D54D-4395-8186-4FCFEC5BA91F}.Release|x86.Build.0 = Release|Any CPU
		{DD4A0AD3-D5AE-472A-BCE6-F1D3F78E2C97}.Debug|Any CPU.ActiveCfg = Debug|Any CPU
		{DD4A0AD3-D5AE-472A-BCE6-F1D3F78E2C97}.Debug|Any CPU.Build.0 = Debug|Any CPU
		{DD4A0AD3-D5AE-472A-BCE6-F1D3F78E2C97}.Debug|x86.ActiveCfg = Debug|Any CPU
		{DD4A0AD3-D5AE-472A-BCE6-F1D3F78E2C97}.Debug|x86.Build.0 = Debug|Any CPU
		{DD4A0AD3-D5AE-472A-BCE6-F1D3F78E2C97}.Release|Any CPU.ActiveCfg = Release|Any CPU
		{DD4A0AD3-D5AE-472A-BCE6-F1D3F78E2C97}.Release|Any CPU.Build.0 = Release|Any CPU
		{DD4A0AD3-D5AE-472A-BCE6-F1D3F78E2C97}.Release|x86.ActiveCfg = Release|Any CPU
		{DD4A0AD3-D5AE-472A-BCE6-F1D3F78E2C97}.Release|x86.Build.0 = Release|Any CPU
		{17FA16D2-CD0D-4F9A-96A1-57FD1A94948A}.Debug|Any CPU.ActiveCfg = Debug|Any CPU
		{17FA16D2-CD0D-4F9A-96A1-57FD1A94948A}.Debug|Any CPU.Build.0 = Debug|Any CPU
		{17FA16D2-CD0D-4F9A-96A1-57FD1A94948A}.Debug|x86.ActiveCfg = Debug|Any CPU
		{17FA16D2-CD0D-4F9A-96A1-57FD1A94948A}.Debug|x86.Build.0 = Debug|Any CPU
		{17FA16D2-CD0D-4F9A-96A1-57FD1A94948A}.Release|Any CPU.ActiveCfg = Release|Any CPU
		{17FA16D2-CD0D-4F9A-96A1-57FD1A94948A}.Release|Any CPU.Build.0 = Release|Any CPU
		{17FA16D2-CD0D-4F9A-96A1-57FD1A94948A}.Release|x86.ActiveCfg = Release|Any CPU
		{17FA16D2-CD0D-4F9A-96A1-57FD1A94948A}.Release|x86.Build.0 = Release|Any CPU
		{AD80FA39-8E5C-4281-B818-5B4DE40155DA}.Debug|Any CPU.ActiveCfg = Debug|Any CPU
		{AD80FA39-8E5C-4281-B818-5B4DE40155DA}.Debug|Any CPU.Build.0 = Debug|Any CPU
		{AD80FA39-8E5C-4281-B818-5B4DE40155DA}.Debug|x86.ActiveCfg = Debug|Any CPU
		{AD80FA39-8E5C-4281-B818-5B4DE40155DA}.Debug|x86.Build.0 = Debug|Any CPU
		{AD80FA39-8E5C-4281-B818-5B4DE40155DA}.Release|Any CPU.ActiveCfg = Release|Any CPU
		{AD80FA39-8E5C-4281-B818-5B4DE40155DA}.Release|Any CPU.Build.0 = Release|Any CPU
		{AD80FA39-8E5C-4281-B818-5B4DE40155DA}.Release|x86.ActiveCfg = Release|Any CPU
		{AD80FA39-8E5C-4281-B818-5B4DE40155DA}.Release|x86.Build.0 = Release|Any CPU
		{607A3406-3B24-4402-8601-C2316019DA1B}.Debug|Any CPU.ActiveCfg = Debug|Any CPU
		{607A3406-3B24-4402-8601-C2316019DA1B}.Debug|Any CPU.Build.0 = Debug|Any CPU
		{607A3406-3B24-4402-8601-C2316019DA1B}.Debug|x86.ActiveCfg = Debug|Any CPU
		{607A3406-3B24-4402-8601-C2316019DA1B}.Debug|x86.Build.0 = Debug|Any CPU
		{607A3406-3B24-4402-8601-C2316019DA1B}.Release|Any CPU.ActiveCfg = Release|Any CPU
		{607A3406-3B24-4402-8601-C2316019DA1B}.Release|Any CPU.Build.0 = Release|Any CPU
		{607A3406-3B24-4402-8601-C2316019DA1B}.Release|x86.ActiveCfg = Release|Any CPU
		{607A3406-3B24-4402-8601-C2316019DA1B}.Release|x86.Build.0 = Release|Any CPU
		{9D61E18B-E3EA-424E-949A-0AE6C3E1B688}.Debug|Any CPU.ActiveCfg = Debug|Any CPU
		{9D61E18B-E3EA-424E-949A-0AE6C3E1B688}.Debug|Any CPU.Build.0 = Debug|Any CPU
		{9D61E18B-E3EA-424E-949A-0AE6C3E1B688}.Debug|x86.ActiveCfg = Debug|Any CPU
		{9D61E18B-E3EA-424E-949A-0AE6C3E1B688}.Debug|x86.Build.0 = Debug|Any CPU
		{9D61E18B-E3EA-424E-949A-0AE6C3E1B688}.Release|Any CPU.ActiveCfg = Release|Any CPU
		{9D61E18B-E3EA-424E-949A-0AE6C3E1B688}.Release|Any CPU.Build.0 = Release|Any CPU
		{9D61E18B-E3EA-424E-949A-0AE6C3E1B688}.Release|x86.ActiveCfg = Release|Any CPU
		{9D61E18B-E3EA-424E-949A-0AE6C3E1B688}.Release|x86.Build.0 = Release|Any CPU
	EndGlobalSection
	GlobalSection(SolutionProperties) = preSolution
		HideSolutionNode = FALSE
	EndGlobalSection
	GlobalSection(NestedProjects) = preSolution
		{13DD7A16-9F0C-479E-9595-ACE38D2CCA93} = {B38FC5F0-23B4-4338-B83E-1149E6E09E8F}
		{EB89BB46-73BD-4E5F-996D-E6867F2F61B4} = {FA7DCC87-34F5-418D-BCCF-B2D79F3163BB}
		{912A574A-E499-4D5A-BDCE-662C401D025C} = {FA7DCC87-34F5-418D-BCCF-B2D79F3163BB}
		{892D9636-04DF-4184-B4F2-AA1857C5B307} = {FA7DCC87-34F5-418D-BCCF-B2D79F3163BB}
		{213D50D4-6651-4549-A81B-C00EA3E80667} = {912A574A-E499-4D5A-BDCE-662C401D025C}
		{D0740155-F76B-47AC-8160-0D09A2A87F48} = {213D50D4-6651-4549-A81B-C00EA3E80667}
		{4587610C-2F54-4E59-9FE3-E84B727CFB30} = {213D50D4-6651-4549-A81B-C00EA3E80667}
		{CADD51D8-CCEF-4069-B19E-58647149F78F} = {4587610C-2F54-4E59-9FE3-E84B727CFB30}
		{E34AC655-9A33-4463-9F79-B2E033BEE677} = {D0740155-F76B-47AC-8160-0D09A2A87F48}
		{039093EA-A1FB-443F-A460-B7B68B496570} = {D0740155-F76B-47AC-8160-0D09A2A87F48}
		{D5E5E570-96F6-4743-9322-E495BAD0DB3B} = {912A574A-E499-4D5A-BDCE-662C401D025C}
		{674D0B34-3502-4091-A64C-AFA82C21E84F} = {213D50D4-6651-4549-A81B-C00EA3E80667}
		{D878B507-C631-4EA6-BAA4-4D7A66586E5B} = {213D50D4-6651-4549-A81B-C00EA3E80667}
		{74EB56F0-DEF8-49A6-BA0C-3118396524EB} = {892D9636-04DF-4184-B4F2-AA1857C5B307}
		{8FE822CE-23D0-44F2-A275-01B5E872C551} = {74EB56F0-DEF8-49A6-BA0C-3118396524EB}
		{470F17FD-1802-4D11-B08D-2E5582071B1E} = {8FE822CE-23D0-44F2-A275-01B5E872C551}
		{AF52D899-DCF3-4D32-8545-259A7165D5DE} = {8FE822CE-23D0-44F2-A275-01B5E872C551}
		{DE416915-B6A8-4414-807A-2521C28D2587} = {74EB56F0-DEF8-49A6-BA0C-3118396524EB}
		{6649D4CC-B8AE-4331-AD0D-8121C1D4C354} = {74EB56F0-DEF8-49A6-BA0C-3118396524EB}
		{20B8BA86-3BFF-43A3-A5BF-3E10DFD284F3} = {6649D4CC-B8AE-4331-AD0D-8121C1D4C354}
		{9CEA3FA0-7D67-45DD-911C-DAD287AE8486} = {74EB56F0-DEF8-49A6-BA0C-3118396524EB}
		{B58EE507-040B-4921-905C-98DE93B13DA9} = {5C277A7F-6CAF-4469-837E-80FF44619D69}
		{3015736D-1046-429F-9F6E-C6ECE2324102} = {5C277A7F-6CAF-4469-837E-80FF44619D69}
		{97576045-1D77-4302-9D51-E41151F9BE1D} = {5C277A7F-6CAF-4469-837E-80FF44619D69}
		{E6F08310-1A9E-4D16-BC1E-424B77CCB207} = {5C277A7F-6CAF-4469-837E-80FF44619D69}
		{A014E92F-1CC1-4071-A474-553BD2A94B93} = {B58EE507-040B-4921-905C-98DE93B13DA9}
		{DEAFA179-0FF1-4D03-93CB-C963A5349D65} = {B58EE507-040B-4921-905C-98DE93B13DA9}
		{2B18FD88-1654-46A1-B14E-43A630661F18} = {3015736D-1046-429F-9F6E-C6ECE2324102}
		{7E31C24A-8957-4EC0-9866-F7515FEB117B} = {FA7DCC87-34F5-418D-BCCF-B2D79F3163BB}
		{419863ED-26FB-4FF0-A7D1-A1F1E7E5716B} = {7E31C24A-8957-4EC0-9866-F7515FEB117B}
		{4FAC74E9-DA8A-4165-8C91-69219B32222A} = {7E31C24A-8957-4EC0-9866-F7515FEB117B}
		{B9A8BA99-DF31-4BC1-9F7B-643AD3DDDEEE} = {4FAC74E9-DA8A-4165-8C91-69219B32222A}
		{81200588-EEB4-4185-8A84-5D37E039BD92} = {4FAC74E9-DA8A-4165-8C91-69219B32222A}
		{9AB4532B-D54D-4395-8186-4FCFEC5BA91F} = {B9A8BA99-DF31-4BC1-9F7B-643AD3DDDEEE}
		{DD4A0AD3-D5AE-472A-BCE6-F1D3F78E2C97} = {B9A8BA99-DF31-4BC1-9F7B-643AD3DDDEEE}
		{17FA16D2-CD0D-4F9A-96A1-57FD1A94948A} = {81200588-EEB4-4185-8A84-5D37E039BD92}
		{AD80FA39-8E5C-4281-B818-5B4DE40155DA} = {4FAC74E9-DA8A-4165-8C91-69219B32222A}
		{607A3406-3B24-4402-8601-C2316019DA1B} = {81200588-EEB4-4185-8A84-5D37E039BD92}
		{9D61E18B-E3EA-424E-949A-0AE6C3E1B688} = {4FAC74E9-DA8A-4165-8C91-69219B32222A}
	EndGlobalSection
	GlobalSection(ExtensibilityGlobals) = postSolution
		SolutionGuid = {B7B7EDE6-642D-44D6-8288-482121084D55}
	EndGlobalSection
EndGlobal
